// !$*UTF8*$!
{
	archiveVersion = 1;
	classes = {
	};
	objectVersion = 46;
	objects = {

/* Begin PBXBuildFile section */
		8696BACD1A660BC000998E65 /* AppDelegate.swift in Sources */ = {isa = PBXBuildFile; fileRef = 8696BACC1A660BC000998E65 /* AppDelegate.swift */; };
		8696BACF1A660BC000998E65 /* ViewController.swift in Sources */ = {isa = PBXBuildFile; fileRef = 8696BACE1A660BC000998E65 /* ViewController.swift */; };
		8696BAD21A660BC000998E65 /* Main.storyboard in Resources */ = {isa = PBXBuildFile; fileRef = 8696BAD01A660BC000998E65 /* Main.storyboard */; };
		8696BAD41A660BC000998E65 /* Images.xcassets in Resources */ = {isa = PBXBuildFile; fileRef = 8696BAD31A660BC000998E65 /* Images.xcassets */; };
		8696BAD71A660BC000998E65 /* LaunchScreen.xib in Resources */ = {isa = PBXBuildFile; fileRef = 8696BAD51A660BC000998E65 /* LaunchScreen.xib */; };
		8696BAE31A660BC000998E65 /* tableViewTests.swift in Sources */ = {isa = PBXBuildFile; fileRef = 8696BAE21A660BC000998E65 /* tableViewTests.swift */; };
/* End PBXBuildFile section */

/* Begin PBXContainerItemProxy section */
		8696BADD1A660BC000998E65 /* PBXContainerItemProxy */ = {
			isa = PBXContainerItemProxy;
			containerPortal = 8696BABF1A660BC000998E65 /* Project object */;
			proxyType = 1;
			remoteGlobalIDString = 8696BAC61A660BC000998E65;
			remoteInfo = tableView;
		};
/* End PBXContainerItemProxy section */

/* Begin PBXFileReference section */
		8696BAC71A660BC000998E65 /* tableView.app */ = {isa = PBXFileReference; explicitFileType = wrapper.application; includeInIndex = 0; path = tableView.app; sourceTree = BUILT_PRODUCTS_DIR; };
		8696BACB1A660BC000998E65 /* Info.plist */ = {isa = PBXFileReference; lastKnownFileType = text.plist.xml; path = Info.plist; sourceTree = "<group>"; };
		8696BACC1A660BC000998E65 /* AppDelegate.swift */ = {isa = PBXFileReference; lastKnownFileType = sourcecode.swift; path = AppDelegate.swift; sourceTree = "<group>"; };
		8696BACE1A660BC000998E65 /* ViewController.swift */ = {isa = PBXFileReference; lastKnownFileType = sourcecode.swift; path = ViewController.swift; sourceTree = "<group>"; };
		8696BAD11A660BC000998E65 /* Base */ = {isa = PBXFileReference; lastKnownFileType = file.storyboard; name = Base; path = Base.lproj/Main.storyboard; sourceTree = "<group>"; };
		8696BAD31A660BC000998E65 /* Images.xcassets */ = {isa = PBXFileReference; lastKnownFileType = folder.assetcatalog; path = Images.xcassets; sourceTree = "<group>"; };
		8696BAD61A660BC000998E65 /* Base */ = {isa = PBXFileReference; lastKnownFileType = file.xib; name = Base; path = Base.lproj/LaunchScreen.xib; sourceTree = "<group>"; };
		8696BADC1A660BC000998E65 /* tableViewTests.xctest */ = {isa = PBXFileReference; explicitFileType = wrapper.cfbundle; includeInIndex = 0; path = tableViewTests.xctest; sourceTree = BUILT_PRODUCTS_DIR; };
		8696BAE11A660BC000998E65 /* Info.plist */ = {isa = PBXFileReference; lastKnownFileType = text.plist.xml; path = Info.plist; sourceTree = "<group>"; };
		8696BAE21A660BC000998E65 /* tableViewTests.swift */ = {isa = PBXFileReference; lastKnownFileType = sourcecode.swift; path = tableViewTests.swift; sourceTree = "<group>"; };
/* End PBXFileReference section */

/* Begin PBXFrameworksBuildPhase section */
		8696BAC41A660BC000998E65 /* Frameworks */ = {
			isa = PBXFrameworksBuildPhase;
			buildActionMask = 2147483647;
			files = (
			);
			runOnlyForDeploymentPostprocessing = 0;
		};
		8696BAD91A660BC000998E65 /* Frameworks */ = {
			isa = PBXFrameworksBuildPhase;
			buildActionMask = 2147483647;
			files = (
			);
			runOnlyForDeploymentPostprocessing = 0;
		};
/* End PBXFrameworksBuildPhase section */

/* Begin PBXGroup section */
		8696BABE1A660BC000998E65 = {
			isa = PBXGroup;
			children = (
				8696BAC91A660BC000998E65 /* tableView */,
				8696BADF1A660BC000998E65 /* tableViewTests */,
				8696BAC81A660BC000998E65 /* Products */,
			);
			sourceTree = "<group>";
		};
		8696BAC81A660BC000998E65 /* Products */ = {
			isa = PBXGroup;
			children = (
				8696BAC71A660BC000998E65 /* tableView.app */,
				8696BADC1A660BC000998E65 /* tableViewTests.xctest */,
			);
			name = Products;
			sourceTree = "<group>";
		};
		8696BAC91A660BC000998E65 /* tableView */ = {
			isa = PBXGroup;
			children = (
				8696BACC1A660BC000998E65 /* AppDelegate.swift */,
				8696BACE1A660BC000998E65 /* ViewController.swift */,
				8696BAD01A660BC000998E65 /* Main.storyboard */,
				8696BAD31A660BC000998E65 /* Images.xcassets */,
				8696BAD51A660BC000998E65 /* LaunchScreen.xib */,
				8696BACA1A660BC000998E65 /* Supporting Files */,
			);
			path = tableView;
			sourceTree = "<group>";
		};
		8696BACA1A660BC000998E65 /* Supporting Files */ = {
			isa = PBXGroup;
			children = (
				8696BACB1A660BC000998E65 /* Info.plist */,
			);
			name = "Supporting Files";
			sourceTree = "<group>";
		};
		8696BADF1A660BC000998E65 /* tableViewTests */ = {
			isa = PBXGroup;
			children = (
				8696BAE21A660BC000998E65 /* tableViewTests.swift */,
				8696BAE01A660BC000998E65 /* Supporting Files */,
			);
			path = tableViewTests;
			sourceTree = "<group>";
		};
		8696BAE01A660BC000998E65 /* Supporting Files */ = {
			isa = PBXGroup;
			children = (
				8696BAE11A660BC000998E65 /* Info.plist */,
			);
			name = "Supporting Files";
			sourceTree = "<group>";
		};
/* End PBXGroup section */

/* Begin PBXNativeTarget section */
		8696BAC61A660BC000998E65 /* tableView */ = {
			isa = PBXNativeTarget;
			buildConfigurationList = 8696BAE61A660BC000998E65 /* Build configuration list for PBXNativeTarget "tableView" */;
			buildPhases = (
				8696BAC31A660BC000998E65 /* Sources */,
				8696BAC41A660BC000998E65 /* Frameworks */,
				8696BAC51A660BC000998E65 /* Resources */,
			);
			buildRules = (
			);
			dependencies = (
			);
			name = tableView;
			productName = tableView;
			productReference = 8696BAC71A660BC000998E65 /* tableView.app */;
			productType = "com.apple.product-type.application";
		};
		8696BADB1A660BC000998E65 /* tableViewTests */ = {
			isa = PBXNativeTarget;
			buildConfigurationList = 8696BAE91A660BC000998E65 /* Build configuration list for PBXNativeTarget "tableViewTests" */;
			buildPhases = (
				8696BAD81A660BC000998E65 /* Sources */,
				8696BAD91A660BC000998E65 /* Frameworks */,
				8696BADA1A660BC000998E65 /* Resources */,
			);
			buildRules = (
			);
			dependencies = (
				8696BADE1A660BC000998E65 /* PBXTargetDependency */,
			);
			name = tableViewTests;
			productName = tableViewTests;
			productReference = 8696BADC1A660BC000998E65 /* tableViewTests.xctest */;
			productType = "com.apple.product-type.bundle.unit-test";
		};
/* End PBXNativeTarget section */

/* Begin PBXProject section */
		8696BABF1A660BC000998E65 /* Project object */ = {
			isa = PBXProject;
			attributes = {
				LastUpgradeCheck = 0610;
				ORGANIZATIONNAME = individual;
				TargetAttributes = {
					8696BAC61A660BC000998E65 = {
						CreatedOnToolsVersion = 6.1.1;
					};
					8696BADB1A660BC000998E65 = {
						CreatedOnToolsVersion = 6.1.1;
						TestTargetID = 8696BAC61A660BC000998E65;
					};
				};
			};
			buildConfigurationList = 8696BAC21A660BC000998E65 /* Build configuration list for PBXProject "tableView" */;
			compatibilityVersion = "Xcode 3.2";
			developmentRegion = English;
			hasScannedForEncodings = 0;
			knownRegions = (
				en,
				Base,
			);
			mainGroup = 8696BABE1A660BC000998E65;
			productRefGroup = 8696BAC81A660BC000998E65 /* Products */;
			projectDirPath = "";
			projectRoot = "";
			targets = (
				8696BAC61A660BC000998E65 /* tableView */,
				8696BADB1A660BC000998E65 /* tableViewTests */,
			);
		};
/* End PBXProject section */

/* Begin PBXResourcesBuildPhase section */
		8696BAC51A660BC000998E65 /* Resources */ = {
			isa = PBXResourcesBuildPhase;
			buildActionMask = 2147483647;
			files = (
				8696BAD21A660BC000998E65 /* Main.storyboard in Resources */,
				8696BAD71A660BC000998E65 /* LaunchScreen.xib in Resources */,
				8696BAD41A660BC000998E65 /* Images.xcassets in Resources */,
			);
			runOnlyForDeploymentPostprocessing = 0;
		};
		8696BADA1A660BC000998E65 /* Resources */ = {
			isa = PBXResourcesBuildPhase;
			buildActionMask = 2147483647;
			files = (
			);
			runOnlyForDeploymentPostprocessing = 0;
		};
/* End PBXResourcesBuildPhase section */

/* Begin PBXSourcesBuildPhase section */
		8696BAC31A660BC000998E65 /* Sources */ = {
			isa = PBXSourcesBuildPhase;
			buildActionMask = 2147483647;
			files = (
				8696BACF1A660BC000998E65 /* ViewController.swift in Sources */,
				8696BACD1A660BC000998E65 /* AppDelegate.swift in Sources */,
			);
			runOnlyForDeploymentPostprocessing = 0;
		};
		8696BAD81A660BC000998E65 /* Sources */ = {
			isa = PBXSourcesBuildPhase;
			buildActionMask = 2147483647;
			files = (
				8696BAE31A660BC000998E65 /* tableViewTests.swift in Sources */,
			);
			runOnlyForDeploymentPostprocessing = 0;
		};
/* End PBXSourcesBuildPhase section */

/* Begin PBXTargetDependency section */
		8696BADE1A660BC000998E65 /* PBXTargetDependency */ = {
			isa = PBXTargetDependency;
			target = 8696BAC61A660BC000998E65 /* tableView */;
			targetProxy = 8696BADD1A660BC000998E65 /* PBXContainerItemProxy */;
		};
/* End PBXTargetDependency section */

/* Begin PBXVariantGroup section */
		8696BAD01A660BC000998E65 /* Main.storyboard */ = {
			isa = PBXVariantGroup;
			children = (
				8696BAD11A660BC000998E65 /* Base */,
			);
			name = Main.storyboard;
			sourceTree = "<group>";
		};
		8696BAD51A660BC000998E65 /* LaunchScreen.xib */ = {
			isa = PBXVariantGroup;
			children = (
				8696BAD61A660BC000998E65 /* Base */,
			);
			name = LaunchScreen.xib;
			sourceTree = "<group>";
		};
/* End PBXVariantGroup section */

/* Begin XCBuildConfiguration section */
		8696BAE41A660BC000998E65 /* Debug */ = {
			isa = XCBuildConfiguration;
			buildSettings = {
				ALWAYS_SEARCH_USER_PATHS = NO;
				CLANG_CXX_LANGUAGE_STANDARD = "gnu++0x";
				CLANG_CXX_LIBRARY = "libc++";
				CLANG_ENABLE_MODULES = YES;
				CLANG_ENABLE_OBJC_ARC = YES;
				CLANG_WARN_BOOL_CONVERSION = YES;
				CLANG_WARN_CONSTANT_CONVERSION = YES;
				CLANG_WARN_DIRECT_OBJC_ISA_USAGE = YES_ERROR;
				CLANG_WARN_EMPTY_BODY = YES;
				CLANG_WARN_ENUM_CONVERSION = YES;
				CLANG_WARN_INT_CONVERSION = YES;
				CLANG_WARN_OBJC_ROOT_CLASS = YES_ERROR;
				CLANG_WARN_UNREACHABLE_CODE = YES;
				CLANG_WARN__DUPLICATE_METHOD_MATCH = YES;
				"CODE_SIGN_IDENTITY[sdk=iphoneos*]" = "iPhone Developer";
				COPY_PHASE_STRIP = NO;
				ENABLE_STRICT_OBJC_MSGSEND = YES;
				GCC_C_LANGUAGE_STANDARD = gnu99;
				GCC_DYNAMIC_NO_PIC = NO;
				GCC_OPTIMIZATION_LEVEL = 0;
				GCC_PREPROCESSOR_DEFINITIONS = (
					"DEBUG=1",
					"$(inherited)",
				);
				GCC_SYMBOLS_PRIVATE_EXTERN = NO;
				GCC_WARN_64_TO_32_BIT_CONVERSION = YES;
				GCC_WARN_ABOUT_RETURN_TYPE = YES_ERROR;
				GCC_WARN_UNDECLARED_SELECTOR = YES;
				GCC_WARN_UNINITIALIZED_AUTOS = YES_AGGRESSIVE;
				GCC_WARN_UNUSED_FUNCTION = YES;
				GCC_WARN_UNUSED_VARIABLE = YES;
				IPHONEOS_DEPLOYMENT_TARGET = 8.1;
				MTL_ENABLE_DEBUG_INFO = YES;
				ONLY_ACTIVE_ARCH = YES;
				SDKROOT = iphoneos;
				SWIFT_OPTIMIZATION_LEVEL = "-Onone";
			};
			name = Debug;
		};
		8696BAE51A660BC000998E65 /* Release */ = {
			isa = XCBuildConfiguration;
			buildSettings = {
				ALWAYS_SEARCH_USER_PATHS = NO;
				CLANG_CXX_LANGUAGE_STANDARD = "gnu++0x";
				CLANG_CXX_LIBRARY = "libc++";
				CLANG_ENABLE_MODULES = YES;
				CLANG_ENABLE_OBJC_ARC = YES;
				CLANG_WARN_BOOL_CONVERSION = YES;
				CLANG_WARN_CONSTANT_CONVERSION = YES;
				CLANG_WARN_DIRECT_OBJC_ISA_USAGE = YES_ERROR;
				CLANG_WARN_EMPTY_BODY = YES;
				CLANG_WARN_ENUM_CONVERSION = YES;
				CLANG_WARN_INT_CONVERSION = YES;
				CLANG_WARN_OBJC_ROOT_CLASS = YES_ERROR;
				CLANG_WARN_UNREACHABLE_CODE = YES;
				CLANG_WARN__DUPLICATE_METHOD_MATCH = YES;
				"CODE_SIGN_IDENTITY[sdk=iphoneos*]" = "iPhone Developer";
				COPY_PHASE_STRIP = YES;
				ENABLE_NS_ASSERTIONS = NO;
				ENABLE_STRICT_OBJC_MSGSEND = YES;
				GCC_C_LANGUAGE_STANDARD = gnu99;
				GCC_WARN_64_TO_32_BIT_CONVERSION = YES;
				GCC_WARN_ABOUT_RETURN_TYPE = YES_ERROR;
				GCC_WARN_UNDECLARED_SELECTOR = YES;
				GCC_WARN_UNINITIALIZED_AUTOS = YES_AGGRESSIVE;
				GCC_WARN_UNUSED_FUNCTION = YES;
				GCC_WARN_UNUSED_VARIABLE = YES;
				IPHONEOS_DEPLOYMENT_TARGET = 8.1;
				MTL_ENABLE_DEBUG_INFO = NO;
				SDKROOT = iphoneos;
				VALIDATE_PRODUCT = YES;
			};
			name = Release;
		};
		8696BAE71A660BC000998E65 /* Debug */ = {
			isa = XCBuildConfiguration;
			buildSettings = {
				ASSETCATALOG_COMPILER_APPICON_NAME = AppIcon;
				INFOPLIST_FILE = tableView/Info.plist;
				LD_RUNPATH_SEARCH_PATHS = "$(inherited) @executable_path/Frameworks";
				PRODUCT_NAME = "$(TARGET_NAME)";
			};
			name = Debug;
		};
		8696BAE81A660BC000998E65 /* Release */ = {
			isa = XCBuildConfiguration;
			buildSettings = {
				ASSETCATALOG_COMPILER_APPICON_NAME = AppIcon;
				INFOPLIST_FILE = tableView/Info.plist;
				LD_RUNPATH_SEARCH_PATHS = "$(inherited) @executable_path/Frameworks";
				PRODUCT_NAME = "$(TARGET_NAME)";
			};
			name = Release;
		};
		8696BAEA1A660BC000998E65 /* Debug */ = {
			isa = XCBuildConfiguration;
			buildSettings = {
				BUNDLE_LOADER = "$(TEST_HOST)";
				FRAMEWORK_SEARCH_PATHS = (
					"$(SDKROOT)/Developer/Library/Frameworks",
					"$(inherited)",
				);
				GCC_PREPROCESSOR_DEFINITIONS = (
					"DEBUG=1",
					"$(inherited)",
				);
				INFOPLIST_FILE = tableViewTests/Info.plist;
				LD_RUNPATH_SEARCH_PATHS = "$(inherited) @executable_path/Frameworks @loader_path/Frameworks";
				PRODUCT_NAME = "$(TARGET_NAME)";
				TEST_HOST = "$(BUILT_PRODUCTS_DIR)/tableView.app/tableView";
			};
			name = Debug;
		};
		8696BAEB1A660BC000998E65 /* Release */ = {
			isa = XCBuildConfiguration;
			buildSettings = {
				BUNDLE_LOADER = "$(TEST_HOST)";
				FRAMEWORK_SEARCH_PATHS = (
					"$(SDKROOT)/Developer/Library/Frameworks",
					"$(inherited)",
				);
				INFOPLIST_FILE = tableViewTests/Info.plist;
				LD_RUNPATH_SEARCH_PATHS = "$(inherited) @executable_path/Frameworks @loader_path/Frameworks";
				PRODUCT_NAME = "$(TARGET_NAME)";
				TEST_HOST = "$(BUILT_PRODUCTS_DIR)/tableView.app/tableView";
			};
			name = Release;
		};
/* End XCBuildConfiguration section */

/* Begin XCConfigurationList section */
		8696BAC21A660BC000998E65 /* Build configuration list for PBXProject "tableView" */ = {
			isa = XCConfigurationList;
			buildConfigurations = (
				8696BAE41A660BC000998E65 /* Debug */,
				8696BAE51A660BC000998E65 /* Release */,
			);
			defaultConfigurationIsVisible = 0;
			defaultConfigurationName = Release;
		};
		8696BAE61A660BC000998E65 /* Build configuration list for PBXNativeTarget "tableView" */ = {
			isa = XCConfigurationList;
			buildConfigurations = (
				8696BAE71A660BC000998E65 /* Debug */,
				8696BAE81A660BC000998E65 /* Release */,
			);
			defaultConfigurationIsVisible = 0;
		};
		8696BAE91A660BC000998E65 /* Build configuration list for PBXNativeTarget "tableViewTests" */ = {
			isa = XCConfigurationList;
			buildConfigurations = (
				8696BAEA1A660BC000998E65 /* Debug */,
				8696BAEB1A660BC000998E65 /* Release */,
			);
			defaultConfigurationIsVisible = 0;
		};
/* End XCConfigurationList section */
	};
	rootObject = 8696BABF1A660BC000998E65 /* Project object */;
}
